// !$*UTF8*$!
{
	archiveVersion = 1;
	classes = {
	};
	objectVersion = 46;
	objects = {

/* Begin PBXBuildFile section */
		9A3B398E1E00F7590008B1A6 /* WBTabBarController.m in Sources */ = {isa = PBXBuildFile; fileRef = 9A3B398D1E00F7590008B1A6 /* WBTabBarController.m */; };
		9A3B39971E00FB850008B1A6 /* WBHomeVC.m in Sources */ = {isa = PBXBuildFile; fileRef = 9A3B39961E00FB850008B1A6 /* WBHomeVC.m */; };
		9A3B399A1E00FB950008B1A6 /* WBMessageVC.m in Sources */ = {isa = PBXBuildFile; fileRef = 9A3B39991E00FB950008B1A6 /* WBMessageVC.m */; };
		9A3B399D1E00FBA20008B1A6 /* WBPublishVC.m in Sources */ = {isa = PBXBuildFile; fileRef = 9A3B399C1E00FBA20008B1A6 /* WBPublishVC.m */; };
		9A3B39A01E00FBAF0008B1A6 /* WBDiscoverVC.m in Sources */ = {isa = PBXBuildFile; fileRef = 9A3B399F1E00FBAF0008B1A6 /* WBDiscoverVC.m */; };
		9A3B39A31E00FBB90008B1A6 /* WBMineVC.m in Sources */ = {isa = PBXBuildFile; fileRef = 9A3B39A21E00FBB90008B1A6 /* WBMineVC.m */; };
		9A5F96481E00F31400CB0B22 /* AppDelegate.m in Sources */ = {isa = PBXBuildFile; fileRef = 9A5F963E1E00F31400CB0B22 /* AppDelegate.m */; };
		9A5F96491E00F31400CB0B22 /* Assets.xcassets in Resources */ = {isa = PBXBuildFile; fileRef = 9A5F963F1E00F31400CB0B22 /* Assets.xcassets */; };
		9A5F964A1E00F31400CB0B22 /* LaunchScreen.storyboard in Resources */ = {isa = PBXBuildFile; fileRef = 9A5F96401E00F31400CB0B22 /* LaunchScreen.storyboard */; };
		9A5F964C1E00F31400CB0B22 /* Info.plist in Resources */ = {isa = PBXBuildFile; fileRef = 9A5F96441E00F31400CB0B22 /* Info.plist */; };
		9A5F964D1E00F31400CB0B22 /* main.m in Sources */ = {isa = PBXBuildFile; fileRef = 9A5F96451E00F31400CB0B22 /* main.m */; };
		9A5F96511E00F33D00CB0B22 /* TRTabBarController.m in Sources */ = {isa = PBXBuildFile; fileRef = 9A5F96501E00F33D00CB0B22 /* TRTabBarController.m */; };
/* End PBXBuildFile section */

/* Begin PBXFileReference section */
		9A29D1551E0039C700FB9476 /* TRTabBarController.app */ = {isa = PBXFileReference; explicitFileType = wrapper.application; includeInIndex = 0; path = TRTabBarController.app; sourceTree = BUILT_PRODUCTS_DIR; };
		9A3B398C1E00F7590008B1A6 /* WBTabBarController.h */ = {isa = PBXFileReference; fileEncoding = 4; lastKnownFileType = sourcecode.c.h; path = WBTabBarController.h; sourceTree = "<group>"; };
		9A3B398D1E00F7590008B1A6 /* WBTabBarController.m */ = {isa = PBXFileReference; fileEncoding = 4; lastKnownFileType = sourcecode.c.objc; path = WBTabBarController.m; sourceTree = "<group>"; };
		9A3B39951E00FB850008B1A6 /* WBHomeVC.h */ = {isa = PBXFileReference; fileEncoding = 4; lastKnownFileType = sourcecode.c.h; path = WBHomeVC.h; sourceTree = "<group>"; };
		9A3B39961E00FB850008B1A6 /* WBHomeVC.m */ = {isa = PBXFileReference; fileEncoding = 4; lastKnownFileType = sourcecode.c.objc; path = WBHomeVC.m; sourceTree = "<group>"; };
		9A3B39981E00FB950008B1A6 /* WBMessageVC.h */ = {isa = PBXFileReference; fileEncoding = 4; lastKnownFileType = sourcecode.c.h; path = WBMessageVC.h; sourceTree = "<group>"; };
		9A3B39991E00FB950008B1A6 /* WBMessageVC.m */ = {isa = PBXFileReference; fileEncoding = 4; lastKnownFileType = sourcecode.c.objc; path = WBMessageVC.m; sourceTree = "<group>"; };
		9A3B399B1E00FBA20008B1A6 /* WBPublishVC.h */ = {isa = PBXFileReference; fileEncoding = 4; lastKnownFileType = sourcecode.c.h; path = WBPublishVC.h; sourceTree = "<group>"; };
		9A3B399C1E00FBA20008B1A6 /* WBPublishVC.m */ = {isa = PBXFileReference; fileEncoding = 4; lastKnownFileType = sourcecode.c.objc; path = WBPublishVC.m; sourceTree = "<group>"; };
		9A3B399E1E00FBAF0008B1A6 /* WBDiscoverVC.h */ = {isa = PBXFileReference; fileEncoding = 4; lastKnownFileType = sourcecode.c.h; path = WBDiscoverVC.h; sourceTree = "<group>"; };
		9A3B399F1E00FBAF0008B1A6 /* WBDiscoverVC.m */ = {isa = PBXFileReference; fileEncoding = 4; lastKnownFileType = sourcecode.c.objc; path = WBDiscoverVC.m; sourceTree = "<group>"; };
		9A3B39A11E00FBB90008B1A6 /* WBMineVC.h */ = {isa = PBXFileReference; fileEncoding = 4; lastKnownFileType = sourcecode.c.h; path = WBMineVC.h; sourceTree = "<group>"; };
		9A3B39A21E00FBB90008B1A6 /* WBMineVC.m */ = {isa = PBXFileReference; fileEncoding = 4; lastKnownFileType = sourcecode.c.objc; path = WBMineVC.m; sourceTree = "<group>"; };
		9A5F963D1E00F31400CB0B22 /* AppDelegate.h */ = {isa = PBXFileReference; fileEncoding = 4; lastKnownFileType = sourcecode.c.h; path = AppDelegate.h; sourceTree = "<group>"; };
		9A5F963E1E00F31400CB0B22 /* AppDelegate.m */ = {isa = PBXFileReference; fileEncoding = 4; lastKnownFileType = sourcecode.c.objc; path = AppDelegate.m; sourceTree = "<group>"; };
		9A5F963F1E00F31400CB0B22 /* Assets.xcassets */ = {isa = PBXFileReference; lastKnownFileType = folder.assetcatalog; path = Assets.xcassets; sourceTree = "<group>"; };
		9A5F96411E00F31400CB0B22 /* Base */ = {isa = PBXFileReference; lastKnownFileType = file.storyboard; name = Base; path = Base.lproj/LaunchScreen.storyboard; sourceTree = "<group>"; };
		9A5F96441E00F31400CB0B22 /* Info.plist */ = {isa = PBXFileReference; fileEncoding = 4; lastKnownFileType = text.plist.xml; path = Info.plist; sourceTree = "<group>"; };
		9A5F96451E00F31400CB0B22 /* main.m */ = {isa = PBXFileReference; fileEncoding = 4; lastKnownFileType = sourcecode.c.objc; path = main.m; sourceTree = "<group>"; };
		9A5F964F1E00F33D00CB0B22 /* TRTabBarController.h */ = {isa = PBXFileReference; fileEncoding = 4; lastKnownFileType = sourcecode.c.h; path = TRTabBarController.h; sourceTree = "<group>"; };
		9A5F96501E00F33D00CB0B22 /* TRTabBarController.m */ = {isa = PBXFileReference; fileEncoding = 4; lastKnownFileType = sourcecode.c.objc; path = TRTabBarController.m; sourceTree = "<group>"; };
/* End PBXFileReference section */

/* Begin PBXFrameworksBuildPhase section */
		9A29D1521E0039C700FB9476 /* Frameworks */ = {
			isa = PBXFrameworksBuildPhase;
			buildActionMask = 2147483647;
			files = (
			);
			runOnlyForDeploymentPostprocessing = 0;
		};
/* End PBXFrameworksBuildPhase section */

/* Begin PBXGroup section */
		9A29D14C1E0039C700FB9476 = {
			isa = PBXGroup;
			children = (
				9A29D1571E0039C700FB9476 /* TRTabBarController */,
				9A5F963C1E00F31400CB0B22 /* Demo */,
				9A29D1561E0039C700FB9476 /* Products */,
			);
			sourceTree = "<group>";
		};
		9A29D1561E0039C700FB9476 /* Products */ = {
			isa = PBXGroup;
			children = (
				9A29D1551E0039C700FB9476 /* TRTabBarController.app */,
			);
			name = Products;
			sourceTree = "<group>";
		};
		9A29D1571E0039C700FB9476 /* TRTabBarController */ = {
			isa = PBXGroup;
			children = (
				9A5F964F1E00F33D00CB0B22 /* TRTabBarController.h */,
				9A5F96501E00F33D00CB0B22 /* TRTabBarController.m */,
			);
			path = TRTabBarController;
			sourceTree = "<group>";
		};
		9A3B398F1E00FB1D0008B1A6 /* Module */ = {
			isa = PBXGroup;
			children = (
				9A3B39911E00FB5E0008B1A6 /* Home */,
				9A3B39921E00FB5E0008B1A6 /* Message */,
				9A3B39941E00FB5E0008B1A6 /* Publish */,
				9A3B39901E00FB5E0008B1A6 /* Discover */,
				9A3B39931E00FB5E0008B1A6 /* Mine */,
			);
			path = Module;
			sourceTree = "<group>";
		};
		9A3B39901E00FB5E0008B1A6 /* Discover */ = {
			isa = PBXGroup;
			children = (
				9A3B399E1E00FBAF0008B1A6 /* WBDiscoverVC.h */,
				9A3B399F1E00FBAF0008B1A6 /* WBDiscoverVC.m */,
			);
			path = Discover;
			sourceTree = "<group>";
		};
		9A3B39911E00FB5E0008B1A6 /* Home */ = {
			isa = PBXGroup;
			children = (
				9A3B39951E00FB850008B1A6 /* WBHomeVC.h */,
				9A3B39961E00FB850008B1A6 /* WBHomeVC.m */,
			);
			path = Home;
			sourceTree = "<group>";
		};
		9A3B39921E00FB5E0008B1A6 /* Message */ = {
			isa = PBXGroup;
			children = (
				9A3B39981E00FB950008B1A6 /* WBMessageVC.h */,
				9A3B39991E00FB950008B1A6 /* WBMessageVC.m */,
			);
			path = Message;
			sourceTree = "<group>";
		};
		9A3B39931E00FB5E0008B1A6 /* Mine */ = {
			isa = PBXGroup;
			children = (
				9A3B39A11E00FBB90008B1A6 /* WBMineVC.h */,
				9A3B39A21E00FBB90008B1A6 /* WBMineVC.m */,
			);
			path = Mine;
			sourceTree = "<group>";
		};
		9A3B39941E00FB5E0008B1A6 /* Publish */ = {
			isa = PBXGroup;
			children = (
				9A3B399B1E00FBA20008B1A6 /* WBPublishVC.h */,
				9A3B399C1E00FBA20008B1A6 /* WBPublishVC.m */,
			);
			path = Publish;
			sourceTree = "<group>";
		};
		9A5F963C1E00F31400CB0B22 /* Demo */ = {
			isa = PBXGroup;
			children = (
				9A3B398F1E00FB1D0008B1A6 /* Module */,
				9A5F963D1E00F31400CB0B22 /* AppDelegate.h */,
				9A5F963E1E00F31400CB0B22 /* AppDelegate.m */,
				9A3B398C1E00F7590008B1A6 /* WBTabBarController.h */,
				9A3B398D1E00F7590008B1A6 /* WBTabBarController.m */,
				9A5F963F1E00F31400CB0B22 /* Assets.xcassets */,
				9A5F96401E00F31400CB0B22 /* LaunchScreen.storyboard */,
				9A5F96441E00F31400CB0B22 /* Info.plist */,
				9A5F96451E00F31400CB0B22 /* main.m */,
			);
			path = Demo;
			sourceTree = "<group>";
		};
/* End PBXGroup section */

/* Begin PBXNativeTarget section */
		9A29D1541E0039C700FB9476 /* TRTabBarController */ = {
			isa = PBXNativeTarget;
			buildConfigurationList = 9A29D16C1E0039C700FB9476 /* Build configuration list for PBXNativeTarget "TRTabBarController" */;
			buildPhases = (
				9A29D1511E0039C700FB9476 /* Sources */,
				9A29D1521E0039C700FB9476 /* Frameworks */,
				9A29D1531E0039C700FB9476 /* Resources */,
			);
			buildRules = (
			);
			dependencies = (
			);
			name = TRTabBarController;
			productName = TRTabBarController;
			productReference = 9A29D1551E0039C700FB9476 /* TRTabBarController.app */;
			productType = "com.apple.product-type.application";
		};
/* End PBXNativeTarget section */

/* Begin PBXProject section */
		9A29D14D1E0039C700FB9476 /* Project object */ = {
			isa = PBXProject;
			attributes = {
				LastUpgradeCheck = 0810;
				ORGANIZATIONNAME = toryznoco;
				TargetAttributes = {
					9A29D1541E0039C700FB9476 = {
						CreatedOnToolsVersion = 8.1;
						ProvisioningStyle = Automatic;
					};
				};
			};
			buildConfigurationList = 9A29D1501E0039C700FB9476 /* Build configuration list for PBXProject "TRTabBarController" */;
			compatibilityVersion = "Xcode 3.2";
			developmentRegion = English;
			hasScannedForEncodings = 0;
			knownRegions = (
				en,
				Base,
			);
			mainGroup = 9A29D14C1E0039C700FB9476;
			productRefGroup = 9A29D1561E0039C700FB9476 /* Products */;
			projectDirPath = "";
			projectRoot = "";
			targets = (
				9A29D1541E0039C700FB9476 /* TRTabBarController */,
			);
		};
/* End PBXProject section */

/* Begin PBXResourcesBuildPhase section */
		9A29D1531E0039C700FB9476 /* Resources */ = {
			isa = PBXResourcesBuildPhase;
			buildActionMask = 2147483647;
			files = (
				9A5F964C1E00F31400CB0B22 /* Info.plist in Resources */,
				9A5F96491E00F31400CB0B22 /* Assets.xcassets in Resources */,
				9A5F964A1E00F31400CB0B22 /* LaunchScreen.storyboard in Resources */,
			);
			runOnlyForDeploymentPostprocessing = 0;
		};
/* End PBXResourcesBuildPhase section */

/* Begin PBXSourcesBuildPhase section */
		9A29D1511E0039C700FB9476 /* Sources */ = {
			isa = PBXSourcesBuildPhase;
			buildActionMask = 2147483647;
			files = (
				9A5F96511E00F33D00CB0B22 /* TRTabBarController.m in Sources */,
				9A3B39971E00FB850008B1A6 /* WBHomeVC.m in Sources */,
				9A3B39A01E00FBAF0008B1A6 /* WBDiscoverVC.m in Sources */,
				9A5F964D1E00F31400CB0B22 /* main.m in Sources */,
				9A3B399A1E00FB950008B1A6 /* WBMessageVC.m in Sources */,
				9A3B398E1E00F7590008B1A6 /* WBTabBarController.m in Sources */,
				9A3B399D1E00FBA20008B1A6 /* WBPublishVC.m in Sources */,
				9A3B39A31E00FBB90008B1A6 /* WBMineVC.m in Sources */,
				9A5F96481E00F31400CB0B22 /* AppDelegate.m in Sources */,
			);
			runOnlyForDeploymentPostprocessing = 0;
		};
/* End PBXSourcesBuildPhase section */

/* Begin PBXVariantGroup section */
		9A5F96401E00F31400CB0B22 /* LaunchScreen.storyboard */ = {
			isa = PBXVariantGroup;
			children = (
				9A5F96411E00F31400CB0B22 /* Base */,
			);
			name = LaunchScreen.storyboard;
			sourceTree = "<group>";
		};
/* End PBXVariantGroup section */

/* Begin XCBuildConfiguration section */
		9A29D16A1E0039C700FB9476 /* Debug */ = {
			isa = XCBuildConfiguration;
			buildSettings = {
				ALWAYS_SEARCH_USER_PATHS = NO;
				CLANG_ANALYZER_NONNULL = YES;
				CLANG_CXX_LANGUAGE_STANDARD = "gnu++0x";
				CLANG_CXX_LIBRARY = "libc++";
				CLANG_ENABLE_MODULES = YES;
				CLANG_ENABLE_OBJC_ARC = YES;
				CLANG_WARN_BOOL_CONVERSION = YES;
				CLANG_WARN_CONSTANT_CONVERSION = YES;
				CLANG_WARN_DIRECT_OBJC_ISA_USAGE = YES_ERROR;
				CLANG_WARN_DOCUMENTATION_COMMENTS = YES;
				CLANG_WARN_EMPTY_BODY = YES;
				CLANG_WARN_ENUM_CONVERSION = YES;
				CLANG_WARN_INFINITE_RECURSION = YES;
				CLANG_WARN_INT_CONVERSION = YES;
				CLANG_WARN_OBJC_ROOT_CLASS = YES_ERROR;
				CLANG_WARN_SUSPICIOUS_MOVES = YES;
				CLANG_WARN_UNREACHABLE_CODE = YES;
				CLANG_WARN__DUPLICATE_METHOD_MATCH = YES;
				"CODE_SIGN_IDENTITY[sdk=iphoneos*]" = "iPhone Developer";
				COPY_PHASE_STRIP = NO;
				DEBUG_INFORMATION_FORMAT = dwarf;
				ENABLE_STRICT_OBJC_MSGSEND = YES;
				ENABLE_TESTABILITY = YES;
				GCC_C_LANGUAGE_STANDARD = gnu99;
				GCC_DYNAMIC_NO_PIC = NO;
				GCC_NO_COMMON_BLOCKS = YES;
				GCC_OPTIMIZATION_LEVEL = 0;
				GCC_PREPROCESSOR_DEFINITIONS = (
					"DEBUG=1",
					"$(inherited)",
				);
				GCC_WARN_64_TO_32_BIT_CONVERSION = YES;
				GCC_WARN_ABOUT_RETURN_TYPE = YES_ERROR;
				GCC_WARN_UNDECLARED_SELECTOR = YES;
				GCC_WARN_UNINITIALIZED_AUTOS = YES_AGGRESSIVE;
				GCC_WARN_UNUSED_FUNCTION = YES;
				GCC_WARN_UNUSED_VARIABLE = YES;
				IPHONEOS_DEPLOYMENT_TARGET = 8.0;
				MTL_ENABLE_DEBUG_INFO = YES;
				ONLY_ACTIVE_ARCH = YES;
				SDKROOT = iphoneos;
			};
			name = Debug;
		};
		9A29D16B1E0039C700FB9476 /* Release */ = {
			isa = XCBuildConfiguration;
			buildSettings = {
				ALWAYS_SEARCH_USER_PATHS = NO;
				CLANG_ANALYZER_NONNULL = YES;
				CLANG_CXX_LANGUAGE_STANDARD = "gnu++0x";
				CLANG_CXX_LIBRARY = "libc++";
				CLANG_ENABLE_MODULES = YES;
				CLANG_ENABLE_OBJC_ARC = YES;
				CLANG_WARN_BOOL_CONVERSION = YES;
				CLANG_WARN_CONSTANT_CONVERSION = YES;
				CLANG_WARN_DIRECT_OBJC_ISA_USAGE = YES_ERROR;
				CLANG_WARN_DOCUMENTATION_COMMENTS = YES;
				CLANG_WARN_EMPTY_BODY = YES;
				CLANG_WARN_ENUM_CONVERSION = YES;
				CLANG_WARN_INFINITE_RECURSION = YES;
				CLANG_WARN_INT_CONVERSION = YES;
				CLANG_WARN_OBJC_ROOT_CLASS = YES_ERROR;
				CLANG_WARN_SUSPICIOUS_MOVES = YES;
				CLANG_WARN_UNREACHABLE_CODE = YES;
				CLANG_WARN__DUPLICATE_METHOD_MATCH = YES;
				"CODE_SIGN_IDENTITY[sdk=iphoneos*]" = "iPhone Developer";
				COPY_PHASE_STRIP = NO;
				DEBUG_INFORMATION_FORMAT = "dwarf-with-dsym";
				ENABLE_NS_ASSERTIONS = NO;
				ENABLE_STRICT_OBJC_MSGSEND = YES;
				GCC_C_LANGUAGE_STANDARD = gnu99;
				GCC_NO_COMMON_BLOCKS = YES;
				GCC_WARN_64_TO_32_BIT_CONVERSION = YES;
				GCC_WARN_ABOUT_RETURN_TYPE = YES_ERROR;
				GCC_WARN_UNDECLARED_SELECTOR = YES;
				GCC_WARN_UNINITIALIZED_AUTOS = YES_AGGRESSIVE;
				GCC_WARN_UNUSED_FUNCTION = YES;
				GCC_WARN_UNUSED_VARIABLE = YES;
				IPHONEOS_DEPLOYMENT_TARGET = 8.0;
				MTL_ENABLE_DEBUG_INFO = NO;
				SDKROOT = iphoneos;
				VALIDATE_PRODUCT = YES;
			};
			name = Release;
		};
		9A29D16D1E0039C700FB9476 /* Debug */ = {
			isa = XCBuildConfiguration;
			buildSettings = {
				ASSETCATALOG_COMPILER_APPICON_NAME = AppIcon;
				INFOPLIST_FILE = "$(SRCROOT)/Demo/Info.plist";
				IPHONEOS_DEPLOYMENT_TARGET = 8.0;
				LD_RUNPATH_SEARCH_PATHS = "$(inherited) @executable_path/Frameworks";
				PRODUCT_BUNDLE_IDENTIFIER = com.toryznoco.TRTabBarController;
				PRODUCT_NAME = "$(TARGET_NAME)";
			};
			name = Debug;
		};
		9A29D16E1E0039C700FB9476 /* Release */ = {
			isa = XCBuildConfiguration;
			buildSettings = {
				ASSETCATALOG_COMPILER_APPICON_NAME = AppIcon;
				INFOPLIST_FILE = "$(SRCROOT)/Demo/Info.plist";
				IPHONEOS_DEPLOYMENT_TARGET = 8.0;
				LD_RUNPATH_SEARCH_PATHS = "$(inherited) @executable_path/Frameworks";
				PRODUCT_BUNDLE_IDENTIFIER = com.toryznoco.TRTabBarController;
				PRODUCT_NAME = "$(TARGET_NAME)";
			};
			name = Release;
		};
/* End XCBuildConfiguration section */

/* Begin XCConfigurationList section */
		9A29D1501E0039C700FB9476 /* Build configuration list for PBXProject "TRTabBarController" */ = {
			isa = XCConfigurationList;
			buildConfigurations = (
				9A29D16A1E0039C700FB9476 /* Debug */,
				9A29D16B1E0039C700FB9476 /* Release */,
			);
			defaultConfigurationIsVisible = 0;
			defaultConfigurationName = Release;
		};
		9A29D16C1E0039C700FB9476 /* Build configuration list for PBXNativeTarget "TRTabBarController" */ = {
			isa = XCConfigurationList;
			buildConfigurations = (
				9A29D16D1E0039C700FB9476 /* Debug */,
				9A29D16E1E0039C700FB9476 /* Release */,
			);
			defaultConfigurationIsVisible = 0;
			defaultConfigurationName = Release;
		};
/* End XCConfigurationList section */
	};
	rootObject = 9A29D14D1E0039C700FB9476 /* Project object */;
}
